
Microsoft Visual Studio Solution File, Format Version 12.00
# Visual Studio Version 16
VisualStudioVersion = 16.0.31515.178
MinimumVisualStudioVersion = 10.0.40219.1
Project("{9A19103F-16F7-4668-BE54-9A1E7A4F7556}") = "TrueLayerChallenge", "TrueLayerChallenge.csproj", "{C81C1A29-1336-4B3E-ADE8-83F1047CA05B}"
EndProject
Project("{FAE04EC0-301F-11D3-BF4B-00C04F79EFBC}") = "TrueLayerChallenge.Test", "..\TrueLayerChallenge.Test\TrueLayerChallenge.Test.csproj", "{CEF474B4-55F6-49D3-9C13-A9CA66ED18F1}"
EndProject
Global
	GlobalSection(SolutionConfigurationPlatforms) = preSolution
		Debug|Any CPU = Debug|Any CPU
		Release|Any CPU = Release|Any CPU
	EndGlobalSection
	GlobalSection(ProjectConfigurationPlatforms) = postSolution
		{C81C1A29-1336-4B3E-ADE8-83F1047CA05B}.Debug|Any CPU.ActiveCfg = Debug|Any CPU
		{C81C1A29-1336-4B3E-ADE8-83F1047CA05B}.Debug|Any CPU.Build.0 = Debug|Any CPU
		{C81C1A29-1336-4B3E-ADE8-83F1047CA05B}.Release|Any CPU.ActiveCfg = Release|Any CPU
		{C81C1A29-1336-4B3E-ADE8-83F1047CA05B}.Release|Any CPU.Build.0 = Release|Any CPU
		{CEF474B4-55F6-49D3-9C13-A9CA66ED18F1}.Debug|Any CPU.ActiveCfg = Debug|Any CPU
		{CEF474B4-55F6-49D3-9C13-A9CA66ED18F1}.Debug|Any CPU.Build.0 = Debug|Any CPU
		{CEF474B4-55F6-49D3-9C13-A9CA66ED18F1}.Release|Any CPU.ActiveCfg = Release|Any CPU
		{CEF474B4-55F6-49D3-9C13-A9CA66ED18F1}.Release|Any CPU.Build.0 = Release|Any CPU
	EndGlobalSection
	GlobalSection(SolutionProperties) = preSolution
		HideSolutionNode = FALSE
	EndGlobalSection
	GlobalSection(ExtensibilityGlobals) = postSolution
		SolutionGuid = {F3DFA99F-D668-471F-86F4-F334B71B54E0}
	EndGlobalSection
EndGlobal
